
Microsoft Visual Studio Solution File, Format Version 12.00
# Visual Studio Version 17
VisualStudioVersion = 17.10.34928.147
MinimumVisualStudioVersion = 10.0.40219.1
Project("{FAE04EC0-301F-11D3-BF4B-00C04F79EFBC}") = "MesDatas", "MesDatas\MesDatas.csproj", "{B57DA387-6D06-42CD-A70C-FD7035D46D95}"
EndProject
Project("{FAE04EC0-301F-11D3-BF4B-00C04F79EFBC}") = "MesDatasCore", "MesDatasCore\MesDatasCore.csproj", "{7D65D839-1157-465D-9BE5-8A1B6E80A5A0}"
EndProject
Project("{FAE04EC0-301F-11D3-BF4B-00C04F79EFBC}") = "ToolSample", "ToolSample\ToolSample.csproj", "{8110D772-6C42-401C-AB54-9371A01539F5}"
EndProject
Project("{FAE04EC0-301F-11D3-BF4B-00C04F79EFBC}") = "PlcCommunication", "PlcCommunication\PlcCommunication.csproj", "{1EC7A150-522D-4440-ACD3-01D7BB668862}"
EndProject
Project("{FAE04EC0-301F-11D3-BF4B-00C04F79EFBC}") = "BydMesTool", "BydMesTool\BydMesTool.csproj", "{6840CB1B-5D93-46CE-842D-59D27D4F0B83}"
EndProject
Project("{FAE04EC0-301F-11D3-BF4B-00C04F79EFBC}") = "Save2MdbTool", "Save2MdbTool\Save2MdbTool.csproj", "{1AC8AA1A-CFD2-4C23-BAB3-732087DD7B61}"
EndProject
Project("{FAE04EC0-301F-11D3-BF4B-00C04F79EFBC}") = "PCClientTCPDemo", "..\PCClientTCPDemo-无自连\PCClientTCPDemo\HostLink\PCClientTCPDemo.csproj", "{7CE58CDC-7A7B-4210-A203-8A62835B260B}"
EndProject
Project("{FAE04EC0-301F-11D3-BF4B-00C04F79EFBC}") = "BulletinBoard", "BulletinBoard\BulletinBoard.csproj", "{B19B0372-34D1-47A7-B026-28EBFDEB6C28}"
EndProject
Project("{FAE04EC0-301F-11D3-BF4B-00C04F79EFBC}") = "MBullData", "MBullData\MBullData.csproj", "{5FE7C04D-7880-4493-B77A-597308F31FE0}"
EndProject
Project("{FAE04EC0-301F-11D3-BF4B-00C04F79EFBC}") = "UpdateBYDServer", "UpdateBYDServer\UpdateBYDServer.csproj", "{FDB98218-A428-446B-AD2F-59717413B5A7}"
EndProject
Global
	GlobalSection(SolutionConfigurationPlatforms) = preSolution
		Debug|Any CPU = Debug|Any CPU
		Debug|x64 = Debug|x64
		Debug|x86 = Debug|x86
		Release|Any CPU = Release|Any CPU
		Release|x64 = Release|x64
		Release|x86 = Release|x86
	EndGlobalSection
	GlobalSection(ProjectConfigurationPlatforms) = postSolution
		{B57DA387-6D06-42CD-A70C-FD7035D46D95}.Debug|Any CPU.ActiveCfg = Debug|Any CPU
		{B57DA387-6D06-42CD-A70C-FD7035D46D95}.Debug|Any CPU.Build.0 = Debug|Any CPU
		{B57DA387-6D06-42CD-A70C-FD7035D46D95}.Debug|x64.ActiveCfg = Debug|Any CPU
		{B57DA387-6D06-42CD-A70C-FD7035D46D95}.Debug|x64.Build.0 = Debug|Any CPU
		{B57DA387-6D06-42CD-A70C-FD7035D46D95}.Debug|x86.ActiveCfg = Debug|Any CPU
		{B57DA387-6D06-42CD-A70C-FD7035D46D95}.Debug|x86.Build.0 = Debug|Any CPU
		{B57DA387-6D06-42CD-A70C-FD7035D46D95}.Release|Any CPU.ActiveCfg = Release|Any CPU
		{B57DA387-6D06-42CD-A70C-FD7035D46D95}.Release|Any CPU.Build.0 = Release|Any CPU
		{B57DA387-6D06-42CD-A70C-FD7035D46D95}.Release|x64.ActiveCfg = Release|x64
		{B57DA387-6D06-42CD-A70C-FD7035D46D95}.Release|x64.Build.0 = Release|x64
		{B57DA387-6D06-42CD-A70C-FD7035D46D95}.Release|x86.ActiveCfg = Release|Any CPU
		{B57DA387-6D06-42CD-A70C-FD7035D46D95}.Release|x86.Build.0 = Release|Any CPU
		{7D65D839-1157-465D-9BE5-8A1B6E80A5A0}.Debug|Any CPU.ActiveCfg = Debug|Any CPU
		{7D65D839-1157-465D-9BE5-8A1B6E80A5A0}.Debug|Any CPU.Build.0 = Debug|Any CPU
		{7D65D839-1157-465D-9BE5-8A1B6E80A5A0}.Debug|x64.ActiveCfg = Debug|Any CPU
		{7D65D839-1157-465D-9BE5-8A1B6E80A5A0}.Debug|x64.Build.0 = Debug|Any CPU
		{7D65D839-1157-465D-9BE5-8A1B6E80A5A0}.Debug|x86.ActiveCfg = Debug|Any CPU
		{7D65D839-1157-465D-9BE5-8A1B6E80A5A0}.Debug|x86.Build.0 = Debug|Any CPU
		{7D65D839-1157-465D-9BE5-8A1B6E80A5A0}.Release|Any CPU.ActiveCfg = Release|Any CPU
		{7D65D839-1157-465D-9BE5-8A1B6E80A5A0}.Release|Any CPU.Build.0 = Release|Any CPU
		{7D65D839-1157-465D-9BE5-8A1B6E80A5A0}.Release|x64.ActiveCfg = Release|Any CPU
		{7D65D839-1157-465D-9BE5-8A1B6E80A5A0}.Release|x64.Build.0 = Release|Any CPU
		{7D65D839-1157-465D-9BE5-8A1B6E80A5A0}.Release|x86.ActiveCfg = Release|Any CPU
		{7D65D839-1157-465D-9BE5-8A1B6E80A5A0}.Release|x86.Build.0 = Release|Any CPU
		{8110D772-6C42-401C-AB54-9371A01539F5}.Debug|Any CPU.ActiveCfg = Debug|Any CPU
		{8110D772-6C42-401C-AB54-9371A01539F5}.Debug|Any CPU.Build.0 = Debug|Any CPU
		{8110D772-6C42-401C-AB54-9371A01539F5}.Debug|x64.ActiveCfg = Debug|Any CPU
		{8110D772-6C42-401C-AB54-9371A01539F5}.Debug|x64.Build.0 = Debug|Any CPU
		{8110D772-6C42-401C-AB54-9371A01539F5}.Debug|x86.ActiveCfg = Debug|Any CPU
		{8110D772-6C42-401C-AB54-9371A01539F5}.Debug|x86.Build.0 = Debug|Any CPU
		{8110D772-6C42-401C-AB54-9371A01539F5}.Release|Any CPU.ActiveCfg = Release|Any CPU
		{8110D772-6C42-401C-AB54-9371A01539F5}.Release|Any CPU.Build.0 = Release|Any CPU
		{8110D772-6C42-401C-AB54-9371A01539F5}.Release|x64.ActiveCfg = Release|Any CPU
		{8110D772-6C42-401C-AB54-9371A01539F5}.Release|x64.Build.0 = Release|Any CPU
		{8110D772-6C42-401C-AB54-9371A01539F5}.Release|x86.ActiveCfg = Release|Any CPU
		{8110D772-6C42-401C-AB54-9371A01539F5}.Release|x86.Build.0 = Release|Any CPU
		{1EC7A150-522D-4440-ACD3-01D7BB668862}.Debug|Any CPU.ActiveCfg = Debug|Any CPU
		{1EC7A150-522D-4440-ACD3-01D7BB668862}.Debug|Any CPU.Build.0 = Debug|Any CPU
		{1EC7A150-522D-4440-ACD3-01D7BB668862}.Debug|x64.ActiveCfg = Debug|Any CPU
		{1EC7A150-522D-4440-ACD3-01D7BB668862}.Debug|x64.Build.0 = Debug|Any CPU
		{1EC7A150-522D-4440-ACD3-01D7BB668862}.Debug|x86.ActiveCfg = Debug|Any CPU
		{1EC7A150-522D-4440-ACD3-01D7BB668862}.Debug|x86.Build.0 = Debug|Any CPU
		{1EC7A150-522D-4440-ACD3-01D7BB668862}.Release|Any CPU.ActiveCfg = Release|Any CPU
		{1EC7A150-522D-4440-ACD3-01D7BB668862}.Release|Any CPU.Build.0 = Release|Any CPU
		{1EC7A150-522D-4440-ACD3-01D7BB668862}.Release|x64.ActiveCfg = Release|Any CPU
		{1EC7A150-522D-4440-ACD3-01D7BB668862}.Release|x64.Build.0 = Release|Any CPU
		{1EC7A150-522D-4440-ACD3-01D7BB668862}.Release|x86.ActiveCfg = Release|Any CPU
		{1EC7A150-522D-4440-ACD3-01D7BB668862}.Release|x86.Build.0 = Release|Any CPU
		{6840CB1B-5D93-46CE-842D-59D27D4F0B83}.Debug|Any CPU.ActiveCfg = Debug|Any CPU
		{6840CB1B-5D93-46CE-842D-59D27D4F0B83}.Debug|Any CPU.Build.0 = Debug|Any CPU
		{6840CB1B-5D93-46CE-842D-59D27D4F0B83}.Debug|x64.ActiveCfg = Debug|Any CPU
		{6840CB1B-5D93-46CE-842D-59D27D4F0B83}.Debug|x64.Build.0 = Debug|Any CPU
		{6840CB1B-5D93-46CE-842D-59D27D4F0B83}.Debug|x86.ActiveCfg = Debug|Any CPU
		{6840CB1B-5D93-46CE-842D-59D27D4F0B83}.Debug|x86.Build.0 = Debug|Any CPU
		{6840CB1B-5D93-46CE-842D-59D27D4F0B83}.Release|Any CPU.ActiveCfg = Release|Any CPU
		{6840CB1B-5D93-46CE-842D-59D27D4F0B83}.Release|Any CPU.Build.0 = Release|Any CPU
		{6840CB1B-5D93-46CE-842D-59D27D4F0B83}.Release|x64.ActiveCfg = Release|Any CPU
		{6840CB1B-5D93-46CE-842D-59D27D4F0B83}.Release|x64.Build.0 = Release|Any CPU
		{6840CB1B-5D93-46CE-842D-59D27D4F0B83}.Release|x86.ActiveCfg = Release|Any CPU
		{6840CB1B-5D93-46CE-842D-59D27D4F0B83}.Release|x86.Build.0 = Release|Any CPU
		{1AC8AA1A-CFD2-4C23-BAB3-732087DD7B61}.Debug|Any CPU.ActiveCfg = Debug|Any CPU
		{1AC8AA1A-CFD2-4C23-BAB3-732087DD7B61}.Debug|Any CPU.Build.0 = Debug|Any CPU
		{1AC8AA1A-CFD2-4C23-BAB3-732087DD7B61}.Debug|x64.ActiveCfg = Debug|Any CPU
		{1AC8AA1A-CFD2-4C23-BAB3-732087DD7B61}.Debug|x64.Build.0 = Debug|Any CPU
		{1AC8AA1A-CFD2-4C23-BAB3-732087DD7B61}.Debug|x86.ActiveCfg = Debug|Any CPU
		{1AC8AA1A-CFD2-4C23-BAB3-732087DD7B61}.Debug|x86.Build.0 = Debug|Any CPU
		{1AC8AA1A-CFD2-4C23-BAB3-732087DD7B61}.Release|Any CPU.ActiveCfg = Release|Any CPU
		{1AC8AA1A-CFD2-4C23-BAB3-732087DD7B61}.Release|Any CPU.Build.0 = Release|Any CPU
		{1AC8AA1A-CFD2-4C23-BAB3-732087DD7B61}.Release|x64.ActiveCfg = Release|Any CPU
		{1AC8AA1A-CFD2-4C23-BAB3-732087DD7B61}.Release|x64.Build.0 = Release|Any CPU
		{1AC8AA1A-CFD2-4C23-BAB3-732087DD7B61}.Release|x86.ActiveCfg = Release|Any CPU
		{1AC8AA1A-CFD2-4C23-BAB3-732087DD7B61}.Release|x86.Build.0 = Release|Any CPU
		{7CE58CDC-7A7B-4210-A203-8A62835B260B}.Debug|Any CPU.ActiveCfg = Debug|x86
		{7CE58CDC-7A7B-4210-A203-8A62835B260B}.Debug|x64.ActiveCfg = Debug|x86
		{7CE58CDC-7A7B-4210-A203-8A62835B260B}.Debug|x86.ActiveCfg = Debug|x86
		{7CE58CDC-7A7B-4210-A203-8A62835B260B}.Debug|x86.Build.0 = Debug|x86
		{7CE58CDC-7A7B-4210-A203-8A62835B260B}.Release|Any CPU.ActiveCfg = Release|x86
		{7CE58CDC-7A7B-4210-A203-8A62835B260B}.Release|x64.ActiveCfg = Release|x86
		{7CE58CDC-7A7B-4210-A203-8A62835B260B}.Release|x86.ActiveCfg = Release|x86
		{7CE58CDC-7A7B-4210-A203-8A62835B260B}.Release|x86.Build.0 = Release|x86
		{B19B0372-34D1-47A7-B026-28EBFDEB6C28}.Debug|Any CPU.ActiveCfg = Debug|Any CPU
		{B19B0372-34D1-47A7-B026-28EBFDEB6C28}.Debug|Any CPU.Build.0 = Debug|Any CPU
		{B19B0372-34D1-47A7-B026-28EBFDEB6C28}.Debug|x64.ActiveCfg = Debug|Any CPU
		{B19B0372-34D1-47A7-B026-28EBFDEB6C28}.Debug|x64.Build.0 = Debug|Any CPU
		{B19B0372-34D1-47A7-B026-28EBFDEB6C28}.Debug|x86.ActiveCfg = Debug|Any CPU
		{B19B0372-34D1-47A7-B026-28EBFDEB6C28}.Debug|x86.Build.0 = Debug|Any CPU
		{B19B0372-34D1-47A7-B026-28EBFDEB6C28}.Release|Any CPU.ActiveCfg = Release|Any CPU
		{B19B0372-34D1-47A7-B026-28EBFDEB6C28}.Release|Any CPU.Build.0 = Release|Any CPU
		{B19B0372-34D1-47A7-B026-28EBFDEB6C28}.Release|x64.ActiveCfg = Release|Any CPU
		{B19B0372-34D1-47A7-B026-28EBFDEB6C28}.Release|x64.Build.0 = Release|Any CPU
		{B19B0372-34D1-47A7-B026-28EBFDEB6C28}.Release|x86.ActiveCfg = Release|Any CPU
		{B19B0372-34D1-47A7-B026-28EBFDEB6C28}.Release|x86.Build.0 = Release|Any CPU
		{5FE7C04D-7880-4493-B77A-597308F31FE0}.Debug|Any CPU.ActiveCfg = Debug|Any CPU
		{5FE7C04D-7880-4493-B77A-597308F31FE0}.Debug|Any CPU.Build.0 = Debug|Any CPU
		{5FE7C04D-7880-4493-B77A-597308F31FE0}.Debug|x64.ActiveCfg = Debug|Any CPU
		{5FE7C04D-7880-4493-B77A-597308F31FE0}.Debug|x64.Build.0 = Debug|Any CPU
		{5FE7C04D-7880-4493-B77A-597308F31FE0}.Debug|x86.ActiveCfg = Debug|Any CPU
		{5FE7C04D-7880-4493-B77A-597308F31FE0}.Debug|x86.Build.0 = Debug|Any CPU
		{5FE7C04D-7880-4493-B77A-597308F31FE0}.Release|Any CPU.ActiveCfg = Release|Any CPU
		{5FE7C04D-7880-4493-B77A-597308F31FE0}.Release|Any CPU.Build.0 = Release|Any CPU
		{5FE7C04D-7880-4493-B77A-597308F31FE0}.Release|x64.ActiveCfg = Release|Any CPU
		{5FE7C04D-7880-4493-B77A-597308F31FE0}.Release|x64.Build.0 = Release|Any CPU
		{5FE7C04D-7880-4493-B77A-597308F31FE0}.Release|x86.ActiveCfg = Release|Any CPU
		{5FE7C04D-7880-4493-B77A-597308F31FE0}.Release|x86.Build.0 = Release|Any CPU
		{FDB98218-A428-446B-AD2F-59717413B5A7}.Debug|Any CPU.ActiveCfg = Debug|Any CPU
		{FDB98218-A428-446B-AD2F-59717413B5A7}.Debug|Any CPU.Build.0 = Debug|Any CPU
		{FDB98218-A428-446B-AD2F-59717413B5A7}.Debug|x64.ActiveCfg = Debug|Any CPU
		{FDB98218-A428-446B-AD2F-59717413B5A7}.Debug|x64.Build.0 = Debug|Any CPU
		{FDB98218-A428-446B-AD2F-59717413B5A7}.Debug|x86.ActiveCfg = Debug|Any CPU
		{FDB98218-A428-446B-AD2F-59717413B5A7}.Debug|x86.Build.0 = Debug|Any CPU
		{FDB98218-A428-446B-AD2F-59717413B5A7}.Release|Any CPU.ActiveCfg = Release|Any CPU
		{FDB98218-A428-446B-AD2F-59717413B5A7}.Release|Any CPU.Build.0 = Release|Any CPU
		{FDB98218-A428-446B-AD2F-59717413B5A7}.Release|x64.ActiveCfg = Release|Any CPU
		{FDB98218-A428-446B-AD2F-59717413B5A7}.Release|x64.Build.0 = Release|Any CPU
		{FDB98218-A428-446B-AD2F-59717413B5A7}.Release|x86.ActiveCfg = Release|Any CPU
		{FDB98218-A428-446B-AD2F-59717413B5A7}.Release|x86.Build.0 = Release|Any CPU
	EndGlobalSection
	GlobalSection(SolutionProperties) = preSolution
		HideSolutionNode = FALSE
	EndGlobalSection
	GlobalSection(ExtensibilityGlobals) = postSolution
		SolutionGuid = {7368A640-8F60-4C83-933D-B4104BA2D052}
	EndGlobalSection
EndGlobal
